
Microsoft Visual Studio Solution File, Format Version 12.00
# Visual Studio Version 17
VisualStudioVersion = 17.4.33110.190
MinimumVisualStudioVersion = 10.0.40219.1
Project("{FAE04EC0-301F-11D3-BF4B-00C04F79EFBC}") = "WebApi83", "WebApi83\WebApi83.csproj", "{4CD89F60-6A2E-460D-AF06-302A42E94900}"
EndProject
Project("{FAE04EC0-301F-11D3-BF4B-00C04F79EFBC}") = "Domain", "Domain\Domain.csproj", "{EDC9B832-2F2A-4CB9-AA26-F0FF09723E80}"
EndProject
Global
	GlobalSection(SolutionConfigurationPlatforms) = preSolution
		Debug|Any CPU = Debug|Any CPU
		Release|Any CPU = Release|Any CPU
	EndGlobalSection
	GlobalSection(ProjectConfigurationPlatforms) = postSolution
		{4CD89F60-6A2E-460D-AF06-302A42E94900}.Debug|Any CPU.ActiveCfg = Debug|Any CPU
		{4CD89F60-6A2E-460D-AF06-302A42E94900}.Debug|Any CPU.Build.0 = Debug|Any CPU
		{4CD89F60-6A2E-460D-AF06-302A42E94900}.Release|Any CPU.ActiveCfg = Release|Any CPU
		{4CD89F60-6A2E-460D-AF06-302A42E94900}.Release|Any CPU.Build.0 = Release|Any CPU
		{EDC9B832-2F2A-4CB9-AA26-F0FF09723E80}.Debug|Any CPU.ActiveCfg = Debug|Any CPU
		{EDC9B832-2F2A-4CB9-AA26-F0FF09723E80}.Debug|Any CPU.Build.0 = Debug|Any CPU
		{EDC9B832-2F2A-4CB9-AA26-F0FF09723E80}.Release|Any CPU.ActiveCfg = Release|Any CPU
		{EDC9B832-2F2A-4CB9-AA26-F0FF09723E80}.Release|Any CPU.Build.0 = Release|Any CPU
	EndGlobalSection
	GlobalSection(SolutionProperties) = preSolution
		HideSolutionNode = FALSE
	EndGlobalSection
	GlobalSection(ExtensibilityGlobals) = postSolution
		SolutionGuid = {2740B110-F3B2-47F8-BF04-9FF2027B82AC}
	EndGlobalSection
EndGlobal
