
Microsoft Visual Studio Solution File, Format Version 12.00
# Visual Studio Version 17
VisualStudioVersion = 17.0.31903.59
MinimumVisualStudioVersion = 10.0.40219.1
Project("{2150E333-8FDC-42A3-9474-1A3956D46DE8}") = "src", "src", "{B261ADB2-2D1F-44B0-881A-79D5B9064554}"
EndProject
Project("{9A19103F-16F7-4668-BE54-9A1E7A4F7556}") = "Host", "src\Host\Host.csproj", "{D26F5B71-5603-4F6B-91C6-72BC6027DE9F}"
EndProject
Project("{9A19103F-16F7-4668-BE54-9A1E7A4F7556}") = "Domain", "src\Domain\Domain.csproj", "{12B00C02-2F65-4C83-AC59-D6C3900E46FD}"
EndProject
Project("{9A19103F-16F7-4668-BE54-9A1E7A4F7556}") = "Infraestructure", "src\Infraestructure\Infraestructure.csproj", "{5B78D581-67F1-4675-960E-59D4F302BF29}"
EndProject
Project("{9A19103F-16F7-4668-BE54-9A1E7A4F7556}") = "ApplicationCore", "src\ApplicationCore\ApplicationCore.csproj", "{605BC5E9-381F-4C78-B39C-96BDDAF59D22}"
EndProject
Project("{E53339B2-1760-4266-BCC7-CA923CBCF16C}") = "docker-compose", "docker-compose.dcproj", "{F51DD316-F1EC-4295-9DDD-ED2154B28F8E}"
EndProject
Global
	GlobalSection(SolutionConfigurationPlatforms) = preSolution
		Debug|Any CPU = Debug|Any CPU
		Release|Any CPU = Release|Any CPU
	EndGlobalSection
	GlobalSection(ProjectConfigurationPlatforms) = postSolution
		{D26F5B71-5603-4F6B-91C6-72BC6027DE9F}.Debug|Any CPU.ActiveCfg = Debug|Any CPU
		{D26F5B71-5603-4F6B-91C6-72BC6027DE9F}.Debug|Any CPU.Build.0 = Debug|Any CPU
		{D26F5B71-5603-4F6B-91C6-72BC6027DE9F}.Release|Any CPU.ActiveCfg = Release|Any CPU
		{D26F5B71-5603-4F6B-91C6-72BC6027DE9F}.Release|Any CPU.Build.0 = Release|Any CPU
		{12B00C02-2F65-4C83-AC59-D6C3900E46FD}.Debug|Any CPU.ActiveCfg = Debug|Any CPU
		{12B00C02-2F65-4C83-AC59-D6C3900E46FD}.Debug|Any CPU.Build.0 = Debug|Any CPU
		{12B00C02-2F65-4C83-AC59-D6C3900E46FD}.Release|Any CPU.ActiveCfg = Release|Any CPU
		{12B00C02-2F65-4C83-AC59-D6C3900E46FD}.Release|Any CPU.Build.0 = Release|Any CPU
		{5B78D581-67F1-4675-960E-59D4F302BF29}.Debug|Any CPU.ActiveCfg = Debug|Any CPU
		{5B78D581-67F1-4675-960E-59D4F302BF29}.Debug|Any CPU.Build.0 = Debug|Any CPU
		{5B78D581-67F1-4675-960E-59D4F302BF29}.Release|Any CPU.ActiveCfg = Release|Any CPU
		{5B78D581-67F1-4675-960E-59D4F302BF29}.Release|Any CPU.Build.0 = Release|Any CPU
		{605BC5E9-381F-4C78-B39C-96BDDAF59D22}.Debug|Any CPU.ActiveCfg = Debug|Any CPU
		{605BC5E9-381F-4C78-B39C-96BDDAF59D22}.Debug|Any CPU.Build.0 = Debug|Any CPU
		{605BC5E9-381F-4C78-B39C-96BDDAF59D22}.Release|Any CPU.ActiveCfg = Release|Any CPU
		{605BC5E9-381F-4C78-B39C-96BDDAF59D22}.Release|Any CPU.Build.0 = Release|Any CPU
		{F51DD316-F1EC-4295-9DDD-ED2154B28F8E}.Debug|Any CPU.ActiveCfg = Debug|Any CPU
		{F51DD316-F1EC-4295-9DDD-ED2154B28F8E}.Debug|Any CPU.Build.0 = Debug|Any CPU
		{F51DD316-F1EC-4295-9DDD-ED2154B28F8E}.Release|Any CPU.ActiveCfg = Release|Any CPU
		{F51DD316-F1EC-4295-9DDD-ED2154B28F8E}.Release|Any CPU.Build.0 = Release|Any CPU
	EndGlobalSection
	GlobalSection(SolutionProperties) = preSolution
		HideSolutionNode = FALSE
	EndGlobalSection
	GlobalSection(NestedProjects) = preSolution
		{D26F5B71-5603-4F6B-91C6-72BC6027DE9F} = {B261ADB2-2D1F-44B0-881A-79D5B9064554}
		{12B00C02-2F65-4C83-AC59-D6C3900E46FD} = {B261ADB2-2D1F-44B0-881A-79D5B9064554}
		{5B78D581-67F1-4675-960E-59D4F302BF29} = {B261ADB2-2D1F-44B0-881A-79D5B9064554}
		{605BC5E9-381F-4C78-B39C-96BDDAF59D22} = {B261ADB2-2D1F-44B0-881A-79D5B9064554}
	EndGlobalSection
EndGlobal
